
Microsoft Visual Studio Solution File, Format Version 12.00
# Visual Studio Version 16
VisualStudioVersion = 16.0.30717.126
MinimumVisualStudioVersion = 10.0.40219.1
Project("{9A19103F-16F7-4668-BE54-9A1E7A4F7556}") = "Net5Test", "Net5Test\Net5Test.csproj", "{433C84FC-5F92-4901-99D2-97A761A66B19}"
EndProject
Global
	GlobalSection(SolutionConfigurationPlatforms) = preSolution
		Debug|Any CPU = Debug|Any CPU
		Release|Any CPU = Release|Any CPU
	EndGlobalSection
	GlobalSection(ProjectConfigurationPlatforms) = postSolution
		{433C84FC-5F92-4901-99D2-97A761A66B19}.Debug|Any CPU.ActiveCfg = Debug|Any CPU
		{433C84FC-5F92-4901-99D2-97A761A66B19}.Debug|Any CPU.Build.0 = Debug|Any CPU
		{433C84FC-5F92-4901-99D2-97A761A66B19}.Release|Any CPU.ActiveCfg = Release|Any CPU
		{433C84FC-5F92-4901-99D2-97A761A66B19}.Release|Any CPU.Build.0 = Release|Any CPU
	EndGlobalSection
	GlobalSection(SolutionProperties) = preSolution
		HideSolutionNode = FALSE
	EndGlobalSection
	GlobalSection(ExtensibilityGlobals) = postSolution
		SolutionGuid = {A8CD8BA7-4508-44A3-8672-49C86417BA27}
	EndGlobalSection
EndGlobal
